// !$*UTF8*$!
{
	archiveVersion = 1;
	classes = {
	};
	objectVersion = 46;
	objects = {

/* Begin PBXBuildFile section */
		48A9AE831C8A4CC700FC2926 /* PhotoVC.swift in Sources */ = {isa = PBXBuildFile; fileRef = 48A9AE811C8A4CC700FC2926 /* PhotoVC.swift */; };
		48A9AE841C8A4CC700FC2926 /* PhotoVC.xib in Resources */ = {isa = PBXBuildFile; fileRef = 48A9AE821C8A4CC700FC2926 /* PhotoVC.xib */; };
		48B3241F1C88E49600690D71 /* AppDelegate.swift in Sources */ = {isa = PBXBuildFile; fileRef = 48B3241E1C88E49600690D71 /* AppDelegate.swift */; };
		48B324211C88E49600690D71 /* MainVC.swift in Sources */ = {isa = PBXBuildFile; fileRef = 48B324201C88E49600690D71 /* MainVC.swift */; };
		48B324261C88E49600690D71 /* Assets.xcassets in Resources */ = {isa = PBXBuildFile; fileRef = 48B324251C88E49600690D71 /* Assets.xcassets */; };
		48B324291C88E49600690D71 /* LaunchScreen.storyboard in Resources */ = {isa = PBXBuildFile; fileRef = 48B324271C88E49600690D71 /* LaunchScreen.storyboard */; };
		48B324341C8A0E5800690D71 /* MainVC.xib in Resources */ = {isa = PBXBuildFile; fileRef = 48B324331C8A0E5800690D71 /* MainVC.xib */; };
		48B324371C8A362700690D71 /* AboutVC.swift in Sources */ = {isa = PBXBuildFile; fileRef = 48B324351C8A362700690D71 /* AboutVC.swift */; };
		48B324381C8A362700690D71 /* AboutVC.xib in Resources */ = {isa = PBXBuildFile; fileRef = 48B324361C8A362700690D71 /* AboutVC.xib */; };
/* End PBXBuildFile section */

/* Begin PBXFileReference section */
		48A9AE811C8A4CC700FC2926 /* PhotoVC.swift */ = {isa = PBXFileReference; fileEncoding = 4; lastKnownFileType = sourcecode.swift; path = PhotoVC.swift; sourceTree = "<group>"; };
		48A9AE821C8A4CC700FC2926 /* PhotoVC.xib */ = {isa = PBXFileReference; fileEncoding = 4; lastKnownFileType = file.xib; path = PhotoVC.xib; sourceTree = "<group>"; };
		48B3241B1C88E49600690D71 /* favorite-place-ex003.app */ = {isa = PBXFileReference; explicitFileType = wrapper.application; includeInIndex = 0; path = "favorite-place-ex003.app"; sourceTree = BUILT_PRODUCTS_DIR; };
		48B3241E1C88E49600690D71 /* AppDelegate.swift */ = {isa = PBXFileReference; lastKnownFileType = sourcecode.swift; path = AppDelegate.swift; sourceTree = "<group>"; };
		48B324201C88E49600690D71 /* MainVC.swift */ = {isa = PBXFileReference; lastKnownFileType = sourcecode.swift; path = MainVC.swift; sourceTree = "<group>"; };
		48B324251C88E49600690D71 /* Assets.xcassets */ = {isa = PBXFileReference; lastKnownFileType = folder.assetcatalog; path = Assets.xcassets; sourceTree = "<group>"; };
		48B324281C88E49600690D71 /* Base */ = {isa = PBXFileReference; lastKnownFileType = file.storyboard; name = Base; path = Base.lproj/LaunchScreen.storyboard; sourceTree = "<group>"; };
		48B3242A1C88E49600690D71 /* Info.plist */ = {isa = PBXFileReference; lastKnownFileType = text.plist.xml; path = Info.plist; sourceTree = "<group>"; };
		48B324331C8A0E5800690D71 /* MainVC.xib */ = {isa = PBXFileReference; fileEncoding = 4; lastKnownFileType = file.xib; path = MainVC.xib; sourceTree = "<group>"; };
		48B324351C8A362700690D71 /* AboutVC.swift */ = {isa = PBXFileReference; fileEncoding = 4; lastKnownFileType = sourcecode.swift; path = AboutVC.swift; sourceTree = "<group>"; };
		48B324361C8A362700690D71 /* AboutVC.xib */ = {isa = PBXFileReference; fileEncoding = 4; lastKnownFileType = file.xib; path = AboutVC.xib; sourceTree = "<group>"; };
/* End PBXFileReference section */

/* Begin PBXFrameworksBuildPhase section */
		48B324181C88E49600690D71 /* Frameworks */ = {
			isa = PBXFrameworksBuildPhase;
			buildActionMask = 2147483647;
			files = (
			);
			runOnlyForDeploymentPostprocessing = 0;
		};
/* End PBXFrameworksBuildPhase section */

/* Begin PBXGroup section */
		48B324121C88E49600690D71 = {
			isa = PBXGroup;
			children = (
				48B3241D1C88E49600690D71 /* favorite-place-ex003 */,
				48B3241C1C88E49600690D71 /* Products */,
			);
			sourceTree = "<group>";
		};
		48B3241C1C88E49600690D71 /* Products */ = {
			isa = PBXGroup;
			children = (
				48B3241B1C88E49600690D71 /* favorite-place-ex003.app */,
			);
			name = Products;
			sourceTree = "<group>";
		};
		48B3241D1C88E49600690D71 /* favorite-place-ex003 */ = {
			isa = PBXGroup;
			children = (
				48B324321C8A0D4F00690D71 /* Controller */,
				48B324311C8A0D4900690D71 /* View */,
				48B324301C8A0D4000690D71 /* Model */,
				48B324251C88E49600690D71 /* Assets.xcassets */,
				48B3241E1C88E49600690D71 /* AppDelegate.swift */,
				48B324271C88E49600690D71 /* LaunchScreen.storyboard */,
				48B3242A1C88E49600690D71 /* Info.plist */,
			);
			path = "favorite-place-ex003";
			sourceTree = "<group>";
		};
		48B324301C8A0D4000690D71 /* Model */ = {
			isa = PBXGroup;
			children = (
			);
			name = Model;
			sourceTree = "<group>";
		};
		48B324311C8A0D4900690D71 /* View */ = {
			isa = PBXGroup;
			children = (
				48B324331C8A0E5800690D71 /* MainVC.xib */,
				48B324361C8A362700690D71 /* AboutVC.xib */,
				48A9AE821C8A4CC700FC2926 /* PhotoVC.xib */,
			);
			name = View;
			sourceTree = "<group>";
		};
		48B324321C8A0D4F00690D71 /* Controller */ = {
			isa = PBXGroup;
			children = (
				48B324201C88E49600690D71 /* MainVC.swift */,
				48B324351C8A362700690D71 /* AboutVC.swift */,
				48A9AE811C8A4CC700FC2926 /* PhotoVC.swift */,
			);
			name = Controller;
			sourceTree = "<group>";
		};
/* End PBXGroup section */

/* Begin PBXNativeTarget section */
		48B3241A1C88E49600690D71 /* favorite-place-ex003 */ = {
			isa = PBXNativeTarget;
			buildConfigurationList = 48B3242D1C88E49600690D71 /* Build configuration list for PBXNativeTarget "favorite-place-ex003" */;
			buildPhases = (
				48B324171C88E49600690D71 /* Sources */,
				48B324181C88E49600690D71 /* Frameworks */,
				48B324191C88E49600690D71 /* Resources */,
			);
			buildRules = (
			);
			dependencies = (
			);
			name = "favorite-place-ex003";
			productName = "favorite-place-ex003";
			productReference = 48B3241B1C88E49600690D71 /* favorite-place-ex003.app */;
			productType = "com.apple.product-type.application";
		};
/* End PBXNativeTarget section */

/* Begin PBXProject section */
		48B324131C88E49600690D71 /* Project object */ = {
			isa = PBXProject;
			attributes = {
				LastSwiftUpdateCheck = 0720;
				LastUpgradeCheck = 0720;
				ORGANIZATIONNAME = Stanley;
				TargetAttributes = {
					48B3241A1C88E49600690D71 = {
						CreatedOnToolsVersion = 7.2.1;
					};
				};
			};
			buildConfigurationList = 48B324161C88E49600690D71 /* Build configuration list for PBXProject "favorite-place-ex003" */;
			compatibilityVersion = "Xcode 3.2";
			developmentRegion = English;
			hasScannedForEncodings = 0;
			knownRegions = (
				en,
				Base,
			);
			mainGroup = 48B324121C88E49600690D71;
			productRefGroup = 48B3241C1C88E49600690D71 /* Products */;
			projectDirPath = "";
			projectRoot = "";
			targets = (
				48B3241A1C88E49600690D71 /* favorite-place-ex003 */,
			);
		};
/* End PBXProject section */

/* Begin PBXResourcesBuildPhase section */
		48B324191C88E49600690D71 /* Resources */ = {
			isa = PBXResourcesBuildPhase;
			buildActionMask = 2147483647;
			files = (
				48B324381C8A362700690D71 /* AboutVC.xib in Resources */,
				48B324341C8A0E5800690D71 /* MainVC.xib in Resources */,
				48B324291C88E49600690D71 /* LaunchScreen.storyboard in Resources */,
				48A9AE841C8A4CC700FC2926 /* PhotoVC.xib in Resources */,
				48B324261C88E49600690D71 /* Assets.xcassets in Resources */,
			);
			runOnlyForDeploymentPostprocessing = 0;
		};
/* End PBXResourcesBuildPhase section */

/* Begin PBXSourcesBuildPhase section */
		48B324171C88E49600690D71 /* Sources */ = {
			isa = PBXSourcesBuildPhase;
			buildActionMask = 2147483647;
			files = (
				48B324211C88E49600690D71 /* MainVC.swift in Sources */,
				48B3241F1C88E49600690D71 /* AppDelegate.swift in Sources */,
				48B324371C8A362700690D71 /* AboutVC.swift in Sources */,
				48A9AE831C8A4CC700FC2926 /* PhotoVC.swift in Sources */,
			);
			runOnlyForDeploymentPostprocessing = 0;
		};
/* End PBXSourcesBuildPhase section */

/* Begin PBXVariantGroup section */
		48B324271C88E49600690D71 /* LaunchScreen.storyboard */ = {
			isa = PBXVariantGroup;
			children = (
				48B324281C88E49600690D71 /* Base */,
			);
			name = LaunchScreen.storyboard;
			sourceTree = "<group>";
		};
/* End PBXVariantGroup section */

/* Begin XCBuildConfiguration section */
		48B3242B1C88E49600690D71 /* Debug */ = {
			isa = XCBuildConfiguration;
			buildSettings = {
				ALWAYS_SEARCH_USER_PATHS = NO;
				CLANG_CXX_LANGUAGE_STANDARD = "gnu++0x";
				CLANG_CXX_LIBRARY = "libc++";
				CLANG_ENABLE_MODULES = YES;
				CLANG_ENABLE_OBJC_ARC = YES;
				CLANG_WARN_BOOL_CONVERSION = YES;
				CLANG_WARN_CONSTANT_CONVERSION = YES;
				CLANG_WARN_DIRECT_OBJC_ISA_USAGE = YES_ERROR;
				CLANG_WARN_EMPTY_BODY = YES;
				CLANG_WARN_ENUM_CONVERSION = YES;
				CLANG_WARN_INT_CONVERSION = YES;
				CLANG_WARN_OBJC_ROOT_CLASS = YES_ERROR;
				CLANG_WARN_UNREACHABLE_CODE = YES;
				CLANG_WARN__DUPLICATE_METHOD_MATCH = YES;
				"CODE_SIGN_IDENTITY[sdk=iphoneos*]" = "iPhone Developer";
				COPY_PHASE_STRIP = NO;
				DEBUG_INFORMATION_FORMAT = dwarf;
				ENABLE_STRICT_OBJC_MSGSEND = YES;
				ENABLE_TESTABILITY = YES;
				GCC_C_LANGUAGE_STANDARD = gnu99;
				GCC_DYNAMIC_NO_PIC = NO;
				GCC_NO_COMMON_BLOCKS = YES;
				GCC_OPTIMIZATION_LEVEL = 0;
				GCC_PREPROCESSOR_DEFINITIONS = (
					"DEBUG=1",
					"$(inherited)",
				);
				GCC_WARN_64_TO_32_BIT_CONVERSION = YES;
				GCC_WARN_ABOUT_RETURN_TYPE = YES_ERROR;
				GCC_WARN_UNDECLARED_SELECTOR = YES;
				GCC_WARN_UNINITIALIZED_AUTOS = YES_AGGRESSIVE;
				GCC_WARN_UNUSED_FUNCTION = YES;
				GCC_WARN_UNUSED_VARIABLE = YES;
				IPHONEOS_DEPLOYMENT_TARGET = 9.2;
				MTL_ENABLE_DEBUG_INFO = YES;
				ONLY_ACTIVE_ARCH = YES;
				SDKROOT = iphoneos;
				SWIFT_OPTIMIZATION_LEVEL = "-Onone";
				TARGETED_DEVICE_FAMILY = "1,2";
			};
			name = Debug;
		};
		48B3242C1C88E49600690D71 /* Release */ = {
			isa = XCBuildConfiguration;
			buildSettings = {
				ALWAYS_SEARCH_USER_PATHS = NO;
				CLANG_CXX_LANGUAGE_STANDARD = "gnu++0x";
				CLANG_CXX_LIBRARY = "libc++";
				CLANG_ENABLE_MODULES = YES;
				CLANG_ENABLE_OBJC_ARC = YES;
				CLANG_WARN_BOOL_CONVERSION = YES;
				CLANG_WARN_CONSTANT_CONVERSION = YES;
				CLANG_WARN_DIRECT_OBJC_ISA_USAGE = YES_ERROR;
				CLANG_WARN_EMPTY_BODY = YES;
				CLANG_WARN_ENUM_CONVERSION = YES;
				CLANG_WARN_INT_CONVERSION = YES;
				CLANG_WARN_OBJC_ROOT_CLASS = YES_ERROR;
				CLANG_WARN_UNREACHABLE_CODE = YES;
				CLANG_WARN__DUPLICATE_METHOD_MATCH = YES;
				"CODE_SIGN_IDENTITY[sdk=iphoneos*]" = "iPhone Developer";
				COPY_PHASE_STRIP = NO;
				DEBUG_INFORMATION_FORMAT = "dwarf-with-dsym";
				ENABLE_NS_ASSERTIONS = NO;
				ENABLE_STRICT_OBJC_MSGSEND = YES;
				GCC_C_LANGUAGE_STANDARD = gnu99;
				GCC_NO_COMMON_BLOCKS = YES;
				GCC_WARN_64_TO_32_BIT_CONVERSION = YES;
				GCC_WARN_ABOUT_RETURN_TYPE = YES_ERROR;
				GCC_WARN_UNDECLARED_SELECTOR = YES;
				GCC_WARN_UNINITIALIZED_AUTOS = YES_AGGRESSIVE;
				GCC_WARN_UNUSED_FUNCTION = YES;
				GCC_WARN_UNUSED_VARIABLE = YES;
				IPHONEOS_DEPLOYMENT_TARGET = 9.2;
				MTL_ENABLE_DEBUG_INFO = NO;
				SDKROOT = iphoneos;
				TARGETED_DEVICE_FAMILY = "1,2";
				VALIDATE_PRODUCT = YES;
			};
			name = Release;
		};
		48B3242E1C88E49600690D71 /* Debug */ = {
			isa = XCBuildConfiguration;
			buildSettings = {
				ASSETCATALOG_COMPILER_APPICON_NAME = AppIcon;
				INFOPLIST_FILE = "favorite-place-ex003/Info.plist";
				LD_RUNPATH_SEARCH_PATHS = "$(inherited) @executable_path/Frameworks";
				PRODUCT_BUNDLE_IDENTIFIER = "com.stanley.favorite-place-ex003";
				PRODUCT_NAME = "$(TARGET_NAME)";
			};
			name = Debug;
		};
		48B3242F1C88E49600690D71 /* Release */ = {
			isa = XCBuildConfiguration;
			buildSettings = {
				ASSETCATALOG_COMPILER_APPICON_NAME = AppIcon;
				INFOPLIST_FILE = "favorite-place-ex003/Info.plist";
				LD_RUNPATH_SEARCH_PATHS = "$(inherited) @executable_path/Frameworks";
				PRODUCT_BUNDLE_IDENTIFIER = "com.stanley.favorite-place-ex003";
				PRODUCT_NAME = "$(TARGET_NAME)";
			};
			name = Release;
		};
/* End XCBuildConfiguration section */

/* Begin XCConfigurationList section */
		48B324161C88E49600690D71 /* Build configuration list for PBXProject "favorite-place-ex003" */ = {
			isa = XCConfigurationList;
			buildConfigurations = (
				48B3242B1C88E49600690D71 /* Debug */,
				48B3242C1C88E49600690D71 /* Release */,
			);
			defaultConfigurationIsVisible = 0;
			defaultConfigurationName = Release;
		};
		48B3242D1C88E49600690D71 /* Build configuration list for PBXNativeTarget "favorite-place-ex003" */ = {
			isa = XCConfigurationList;
			buildConfigurations = (
				48B3242E1C88E49600690D71 /* Debug */,
				48B3242F1C88E49600690D71 /* Release */,
			);
			defaultConfigurationIsVisible = 0;
			defaultConfigurationName = Release;
		};
/* End XCConfigurationList section */
	};
	rootObject = 48B324131C88E49600690D71 /* Project object */;
}
